github.com/jessevdk/go-flags v1.4.0/go.mod h1:4FA24M0QyGHXBuZZK/XkWh8h0e1EYbRYJSGM75WSRxI=
github.com/sagernet/abx-go v0.0.0-20220819185957-dba1257d738e h1:5CFRo8FJbCuf5s/eTBdZpmMbn8Fe2eSMLNAYfKanA34=
github.com/sagernet/abx-go v0.0.0-20220819185957-dba1257d738e/go.mod h1:qbt0dWObotCfcjAJJ9AxtFPNSDUfZF+6dCpgKEOBn/g=
github.com/sagernet/sing v0.0.0-20220801112236-1bb95f9661fc h1:x7H64IiqyrpxPWl/KrWkknzEK4GmpqgfZeVKFVw6E/M=
github.com/sagernet/sing v0.0.0-20220801112236-1bb95f9661fc/go.mod h1:GbtQfZSpmtD3cXeD1qX2LCMwY8dH+bnnInDTqd92IsM=
gopkg.in/check.v1 v0.0.0-20161208181325-20d25e280405/go.mod h1:Co6ibVJAznAaIkqp8huTwlJQCZ016jof/cbN4VW5Yz0=
gopkg.in/yaml.v1 v1.0.0-20140924161607-9f9df34309c0/go.mod h1:WDnlLJ4WF5VGsH/HVa3CI79GS0ol3YnhVnKP89i0kNg=
howett.net/plist v1.0.1 h1:37GdZ8tP09Q35o9ych3ehygcsL+HqKSwzctveSlarvM=
howett.net/plist v1.0.1/go.mod h1:lqaXoTrLY4hg8tnEzNru53gicrbv7rrk+2xJA/7hw9g=
